
Microsoft Visual Studio Solution File, Format Version 12.00
# Visual Studio Version 17
VisualStudioVersion = 17.12.35707.178
MinimumVisualStudioVersion = 10.0.40219.1
Project("{FAE04EC0-301F-11D3-BF4B-00C04F79EFBC}") = "Voltflow", "App\Voltflow\Voltflow.csproj", "{3C71CF23-FB9F-4766-A0B0-E620CE53B14A}"
EndProject
Project("{FAE04EC0-301F-11D3-BF4B-00C04F79EFBC}") = "Voltflow.Android", "App\Voltflow.Android\Voltflow.Android.csproj", "{0E087917-0261-4399-BF87-F37C8DD6BDE7}"
EndProject
Project("{FAE04EC0-301F-11D3-BF4B-00C04F79EFBC}") = "Voltflow.Browser", "App\Voltflow.Browser\Voltflow.Browser.csproj", "{30611FE1-6745-4EBD-9597-F2EF1BD02D59}"
EndProject
Project("{FAE04EC0-301F-11D3-BF4B-00C04F79EFBC}") = "Voltflow.Desktop", "App\Voltflow.Desktop\Voltflow.Desktop.csproj", "{A3E145D2-1236-41D6-A504-5EE146885452}"
EndProject
Project("{FAE04EC0-301F-11D3-BF4B-00C04F79EFBC}") = "Voltflow.iOS", "App\Voltflow.iOS\Voltflow.iOS.csproj", "{DB77A875-C6AF-44BC-BFF9-48DA2EB4630B}"
EndProject
Project("{2150E333-8FDC-42A3-9474-1A3956D46DE8}") = "App", "App", "{2D1CB345-FB57-4BF2-BECB-83E15695408A}"
EndProject
Project("{FAE04EC0-301F-11D3-BF4B-00C04F79EFBC}") = "VoltflowAPI", "VoltflowAPI\VoltflowAPI.csproj", "{EC33689E-62BC-4F31-8FD1-A4E0F4E33619}"
EndProject
Project("{FAE04EC0-301F-11D3-BF4B-00C04F79EFBC}") = "Voltflow.Modules", "Voltflow.Modules\Voltflow.Modules.csproj", "{DAB6AAF3-7CC5-4900-87C6-453E43110410}"
EndProject
Global
	GlobalSection(SolutionConfigurationPlatforms) = preSolution
		Debug|Any CPU = Debug|Any CPU
		Release|Any CPU = Release|Any CPU
	EndGlobalSection
	GlobalSection(ProjectConfigurationPlatforms) = postSolution
		{3C71CF23-FB9F-4766-A0B0-E620CE53B14A}.Debug|Any CPU.ActiveCfg = Debug|Any CPU
		{3C71CF23-FB9F-4766-A0B0-E620CE53B14A}.Debug|Any CPU.Build.0 = Debug|Any CPU
		{3C71CF23-FB9F-4766-A0B0-E620CE53B14A}.Release|Any CPU.ActiveCfg = Release|Any CPU
		{3C71CF23-FB9F-4766-A0B0-E620CE53B14A}.Release|Any CPU.Build.0 = Release|Any CPU
		{0E087917-0261-4399-BF87-F37C8DD6BDE7}.Debug|Any CPU.ActiveCfg = Debug|Any CPU
		{0E087917-0261-4399-BF87-F37C8DD6BDE7}.Debug|Any CPU.Build.0 = Debug|Any CPU
		{0E087917-0261-4399-BF87-F37C8DD6BDE7}.Debug|Any CPU.Deploy.0 = Debug|Any CPU
		{0E087917-0261-4399-BF87-F37C8DD6BDE7}.Release|Any CPU.ActiveCfg = Release|Any CPU
		{0E087917-0261-4399-BF87-F37C8DD6BDE7}.Release|Any CPU.Build.0 = Release|Any CPU
		{0E087917-0261-4399-BF87-F37C8DD6BDE7}.Release|Any CPU.Deploy.0 = Release|Any CPU
		{30611FE1-6745-4EBD-9597-F2EF1BD02D59}.Debug|Any CPU.ActiveCfg = Debug|Any CPU
		{30611FE1-6745-4EBD-9597-F2EF1BD02D59}.Debug|Any CPU.Build.0 = Debug|Any CPU
		{30611FE1-6745-4EBD-9597-F2EF1BD02D59}.Release|Any CPU.ActiveCfg = Release|Any CPU
		{30611FE1-6745-4EBD-9597-F2EF1BD02D59}.Release|Any CPU.Build.0 = Release|Any CPU
		{A3E145D2-1236-41D6-A504-5EE146885452}.Debug|Any CPU.ActiveCfg = Debug|Any CPU
		{A3E145D2-1236-41D6-A504-5EE146885452}.Debug|Any CPU.Build.0 = Debug|Any CPU
		{A3E145D2-1236-41D6-A504-5EE146885452}.Release|Any CPU.ActiveCfg = Release|Any CPU
		{A3E145D2-1236-41D6-A504-5EE146885452}.Release|Any CPU.Build.0 = Release|Any CPU
		{DB77A875-C6AF-44BC-BFF9-48DA2EB4630B}.Debug|Any CPU.ActiveCfg = Debug|Any CPU
		{DB77A875-C6AF-44BC-BFF9-48DA2EB4630B}.Debug|Any CPU.Build.0 = Debug|Any CPU
		{DB77A875-C6AF-44BC-BFF9-48DA2EB4630B}.Debug|Any CPU.Deploy.0 = Debug|Any CPU
		{DB77A875-C6AF-44BC-BFF9-48DA2EB4630B}.Release|Any CPU.ActiveCfg = Release|Any CPU
		{DB77A875-C6AF-44BC-BFF9-48DA2EB4630B}.Release|Any CPU.Build.0 = Release|Any CPU
		{DB77A875-C6AF-44BC-BFF9-48DA2EB4630B}.Release|Any CPU.Deploy.0 = Release|Any CPU
		{EC33689E-62BC-4F31-8FD1-A4E0F4E33619}.Debug|Any CPU.ActiveCfg = Debug|Any CPU
		{EC33689E-62BC-4F31-8FD1-A4E0F4E33619}.Debug|Any CPU.Build.0 = Debug|Any CPU
		{EC33689E-62BC-4F31-8FD1-A4E0F4E33619}.Release|Any CPU.ActiveCfg = Release|Any CPU
		{EC33689E-62BC-4F31-8FD1-A4E0F4E33619}.Release|Any CPU.Build.0 = Release|Any CPU
		{DAB6AAF3-7CC5-4900-87C6-453E43110410}.Debug|Any CPU.ActiveCfg = Debug|Any CPU
		{DAB6AAF3-7CC5-4900-87C6-453E43110410}.Debug|Any CPU.Build.0 = Debug|Any CPU
		{DAB6AAF3-7CC5-4900-87C6-453E43110410}.Release|Any CPU.ActiveCfg = Release|Any CPU
		{DAB6AAF3-7CC5-4900-87C6-453E43110410}.Release|Any CPU.Build.0 = Release|Any CPU
	EndGlobalSection
	GlobalSection(SolutionProperties) = preSolution
		HideSolutionNode = FALSE
	EndGlobalSection
	GlobalSection(NestedProjects) = preSolution
		{3C71CF23-FB9F-4766-A0B0-E620CE53B14A} = {2D1CB345-FB57-4BF2-BECB-83E15695408A}
		{0E087917-0261-4399-BF87-F37C8DD6BDE7} = {2D1CB345-FB57-4BF2-BECB-83E15695408A}
		{30611FE1-6745-4EBD-9597-F2EF1BD02D59} = {2D1CB345-FB57-4BF2-BECB-83E15695408A}
		{A3E145D2-1236-41D6-A504-5EE146885452} = {2D1CB345-FB57-4BF2-BECB-83E15695408A}
		{DB77A875-C6AF-44BC-BFF9-48DA2EB4630B} = {2D1CB345-FB57-4BF2-BECB-83E15695408A}
	EndGlobalSection
EndGlobal
